
Microsoft Visual Studio Solution File, Format Version 12.00
# Visual Studio Version 17
VisualStudioVersion = 17.7.34018.315
MinimumVisualStudioVersion = 10.0.40219.1
Project("{9A19103F-16F7-4668-BE54-9A1E7A4F7556}") = "PlayerSpy", "PlayerSpy\PlayerSpy.csproj", "{13C812E9-0D42-4B95-8646-40EEBF30636F}"
EndProject
Project("{9A19103F-16F7-4668-BE54-9A1E7A4F7556}") = "Penumbra.GameData", "..\..\..\XIV\Penumbra.GameData\Penumbra.GameData.csproj", "{1A103AA0-30C3-4434-8F0D-269EC542B957}"
EndProject
Project("{9A19103F-16F7-4668-BE54-9A1E7A4F7556}") = "Penumbra.Api", "..\..\..\XIV\Penumbra.Api\Penumbra.Api.csproj", "{2825865E-5F73-447C-B7E1-BD58287C6763}"
EndProject
Project("{9A19103F-16F7-4668-BE54-9A1E7A4F7556}") = "OtterGui", "..\OtterGui\OtterGui.csproj", "{C70DD2CA-29E2-4B9B-9C55-AB4B74383E5C}"
EndProject
Project("{9A19103F-16F7-4668-BE54-9A1E7A4F7556}") = "Penumbra.String", "..\..\..\XIV\Penumbra.String\Penumbra.String.csproj", "{E5BCC498-C551-43C8-B87A-A20F56D0CC2C}"
EndProject
Global
	GlobalSection(SolutionConfigurationPlatforms) = preSolution
		Debug|Any CPU = Debug|Any CPU
		Debug|x64 = Debug|x64
		Release|Any CPU = Release|Any CPU
		Release|x64 = Release|x64
	EndGlobalSection
	GlobalSection(ProjectConfigurationPlatforms) = postSolution
		{13C812E9-0D42-4B95-8646-40EEBF30636F}.Debug|Any CPU.ActiveCfg = Debug|x64
		{13C812E9-0D42-4B95-8646-40EEBF30636F}.Debug|Any CPU.Build.0 = Debug|x64
		{13C812E9-0D42-4B95-8646-40EEBF30636F}.Debug|x64.ActiveCfg = Debug|x64
		{13C812E9-0D42-4B95-8646-40EEBF30636F}.Debug|x64.Build.0 = Debug|x64
		{13C812E9-0D42-4B95-8646-40EEBF30636F}.Release|Any CPU.ActiveCfg = Release|x64
		{13C812E9-0D42-4B95-8646-40EEBF30636F}.Release|Any CPU.Build.0 = Release|x64
		{13C812E9-0D42-4B95-8646-40EEBF30636F}.Release|x64.ActiveCfg = Release|x64
		{13C812E9-0D42-4B95-8646-40EEBF30636F}.Release|x64.Build.0 = Release|x64
		{1A103AA0-30C3-4434-8F0D-269EC542B957}.Debug|Any CPU.ActiveCfg = Debug|Any CPU
		{1A103AA0-30C3-4434-8F0D-269EC542B957}.Debug|Any CPU.Build.0 = Debug|Any CPU
		{1A103AA0-30C3-4434-8F0D-269EC542B957}.Debug|x64.ActiveCfg = Debug|Any CPU
		{1A103AA0-30C3-4434-8F0D-269EC542B957}.Debug|x64.Build.0 = Debug|Any CPU
		{1A103AA0-30C3-4434-8F0D-269EC542B957}.Release|Any CPU.ActiveCfg = Release|Any CPU
		{1A103AA0-30C3-4434-8F0D-269EC542B957}.Release|Any CPU.Build.0 = Release|Any CPU
		{1A103AA0-30C3-4434-8F0D-269EC542B957}.Release|x64.ActiveCfg = Release|Any CPU
		{1A103AA0-30C3-4434-8F0D-269EC542B957}.Release|x64.Build.0 = Release|Any CPU
		{2825865E-5F73-447C-B7E1-BD58287C6763}.Debug|Any CPU.ActiveCfg = Debug|Any CPU
		{2825865E-5F73-447C-B7E1-BD58287C6763}.Debug|Any CPU.Build.0 = Debug|Any CPU
		{2825865E-5F73-447C-B7E1-BD58287C6763}.Debug|x64.ActiveCfg = Debug|Any CPU
		{2825865E-5F73-447C-B7E1-BD58287C6763}.Debug|x64.Build.0 = Debug|Any CPU
		{2825865E-5F73-447C-B7E1-BD58287C6763}.Release|Any CPU.ActiveCfg = Release|Any CPU
		{2825865E-5F73-447C-B7E1-BD58287C6763}.Release|Any CPU.Build.0 = Release|Any CPU
		{2825865E-5F73-447C-B7E1-BD58287C6763}.Release|x64.ActiveCfg = Release|Any CPU
		{2825865E-5F73-447C-B7E1-BD58287C6763}.Release|x64.Build.0 = Release|Any CPU
		{C70DD2CA-29E2-4B9B-9C55-AB4B74383E5C}.Debug|Any CPU.ActiveCfg = Debug|Any CPU
		{C70DD2CA-29E2-4B9B-9C55-AB4B74383E5C}.Debug|Any CPU.Build.0 = Debug|Any CPU
		{C70DD2CA-29E2-4B9B-9C55-AB4B74383E5C}.Debug|x64.ActiveCfg = Debug|Any CPU
		{C70DD2CA-29E2-4B9B-9C55-AB4B74383E5C}.Debug|x64.Build.0 = Debug|Any CPU
		{C70DD2CA-29E2-4B9B-9C55-AB4B74383E5C}.Release|Any CPU.ActiveCfg = Release|Any CPU
		{C70DD2CA-29E2-4B9B-9C55-AB4B74383E5C}.Release|Any CPU.Build.0 = Release|Any CPU
		{C70DD2CA-29E2-4B9B-9C55-AB4B74383E5C}.Release|x64.ActiveCfg = Release|Any CPU
		{C70DD2CA-29E2-4B9B-9C55-AB4B74383E5C}.Release|x64.Build.0 = Release|Any CPU
		{E5BCC498-C551-43C8-B87A-A20F56D0CC2C}.Debug|Any CPU.ActiveCfg = Debug|Any CPU
		{E5BCC498-C551-43C8-B87A-A20F56D0CC2C}.Debug|Any CPU.Build.0 = Debug|Any CPU
		{E5BCC498-C551-43C8-B87A-A20F56D0CC2C}.Debug|x64.ActiveCfg = Debug|Any CPU
		{E5BCC498-C551-43C8-B87A-A20F56D0CC2C}.Debug|x64.Build.0 = Debug|Any CPU
		{E5BCC498-C551-43C8-B87A-A20F56D0CC2C}.Release|Any CPU.ActiveCfg = Release|Any CPU
		{E5BCC498-C551-43C8-B87A-A20F56D0CC2C}.Release|Any CPU.Build.0 = Release|Any CPU
		{E5BCC498-C551-43C8-B87A-A20F56D0CC2C}.Release|x64.ActiveCfg = Release|Any CPU
		{E5BCC498-C551-43C8-B87A-A20F56D0CC2C}.Release|x64.Build.0 = Release|Any CPU
	EndGlobalSection
	GlobalSection(SolutionProperties) = preSolution
		HideSolutionNode = FALSE
	EndGlobalSection
	GlobalSection(ExtensibilityGlobals) = postSolution
		SolutionGuid = {B17E85B1-5F60-4440-9F9A-3DDE877E8CDF}
	EndGlobalSection
EndGlobal
